
Microsoft Visual Studio Solution File, Format Version 12.00
# Visual Studio Version 17
VisualStudioVersion = 17.4.33205.214
MinimumVisualStudioVersion = 10.0.40219.1
Project("{FAE04EC0-301F-11D3-BF4B-00C04F79EFBC}") = "OntapASP8", "OntapASP8.csproj", "{0290347E-BECD-44F5-A93D-5D7E6BC7C4F0}"
EndProject
Global
	GlobalSection(SolutionConfigurationPlatforms) = preSolution
		Debug|Any CPU = Debug|Any CPU
		Release|Any CPU = Release|Any CPU
	EndGlobalSection
	GlobalSection(ProjectConfigurationPlatforms) = postSolution
		{0290347E-BECD-44F5-A93D-5D7E6BC7C4F0}.Debug|Any CPU.ActiveCfg = Debug|Any CPU
		{0290347E-BECD-44F5-A93D-5D7E6BC7C4F0}.Debug|Any CPU.Build.0 = Debug|Any CPU
		{0290347E-BECD-44F5-A93D-5D7E6BC7C4F0}.Release|Any CPU.ActiveCfg = Release|Any CPU
		{0290347E-BECD-44F5-A93D-5D7E6BC7C4F0}.Release|Any CPU.Build.0 = Release|Any CPU
	EndGlobalSection
	GlobalSection(SolutionProperties) = preSolution
		HideSolutionNode = FALSE
	EndGlobalSection
	GlobalSection(ExtensibilityGlobals) = postSolution
		SolutionGuid = {AC86EDF9-BBE7-46C0-9B26-150BE67F3A30}
	EndGlobalSection
EndGlobal
